
Microsoft Visual Studio Solution File, Format Version 12.00
# Visual Studio Version 16
VisualStudioVersion = 16.0.30611.23
MinimumVisualStudioVersion = 10.0.40219.1
Project("{FAE04EC0-301F-11D3-BF4B-00C04F79EFBC}") = "CryptLab4", "CryptLab4.csproj", "{B8562272-AE7F-4B86-A200-4B521624DA42}"
EndProject
Global
	GlobalSection(SolutionConfigurationPlatforms) = preSolution
		Debug|Any CPU = Debug|Any CPU
		Release|Any CPU = Release|Any CPU
	EndGlobalSection
	GlobalSection(ProjectConfigurationPlatforms) = postSolution
		{B8562272-AE7F-4B86-A200-4B521624DA42}.Debug|Any CPU.ActiveCfg = Debug|Any CPU
		{B8562272-AE7F-4B86-A200-4B521624DA42}.Debug|Any CPU.Build.0 = Debug|Any CPU
		{B8562272-AE7F-4B86-A200-4B521624DA42}.Release|Any CPU.ActiveCfg = Release|Any CPU
		{B8562272-AE7F-4B86-A200-4B521624DA42}.Release|Any CPU.Build.0 = Release|Any CPU
	EndGlobalSection
	GlobalSection(SolutionProperties) = preSolution
		HideSolutionNode = FALSE
	EndGlobalSection
	GlobalSection(ExtensibilityGlobals) = postSolution
		SolutionGuid = {8D705745-3B40-4D43-81D3-01FDAB5847EE}
	EndGlobalSection
EndGlobal
